
Microsoft Visual Studio Solution File, Format Version 12.00
# Visual Studio Version 16
VisualStudioVersion = 16.0.31112.23
MinimumVisualStudioVersion = 10.0.40219.1
Project("{9A19103F-16F7-4668-BE54-9A1E7A4F7556}") = "MIEAUBRASIL", "MIEAUBRASIL.csproj", "{81D8F5D1-70C6-4BD9-9DE4-0FC30521383B}"
EndProject
Global
	GlobalSection(SolutionConfigurationPlatforms) = preSolution
		Debug|Any CPU = Debug|Any CPU
		Release|Any CPU = Release|Any CPU
	EndGlobalSection
	GlobalSection(ProjectConfigurationPlatforms) = postSolution
		{81D8F5D1-70C6-4BD9-9DE4-0FC30521383B}.Debug|Any CPU.ActiveCfg = Debug|Any CPU
		{81D8F5D1-70C6-4BD9-9DE4-0FC30521383B}.Debug|Any CPU.Build.0 = Debug|Any CPU
		{81D8F5D1-70C6-4BD9-9DE4-0FC30521383B}.Release|Any CPU.ActiveCfg = Release|Any CPU
		{81D8F5D1-70C6-4BD9-9DE4-0FC30521383B}.Release|Any CPU.Build.0 = Release|Any CPU
	EndGlobalSection
	GlobalSection(SolutionProperties) = preSolution
		HideSolutionNode = FALSE
	EndGlobalSection
	GlobalSection(ExtensibilityGlobals) = postSolution
		SolutionGuid = {AD6879CC-25F9-46C7-8422-7DFE2C940AE3}
	EndGlobalSection
EndGlobal
